
Microsoft Visual Studio Solution File, Format Version 12.00
# Visual Studio Version 18
VisualStudioVersion = 18.0.11205.157 d18.0
MinimumVisualStudioVersion = 10.0.40219.1
Project("{FAE04EC0-301F-11D3-BF4B-00C04F79EFBC}") = "ScreenSound", "ScreenSound\ScreenSound.csproj", "{39D1C1E4-9E89-4870-8A3A-76F8CA2909B3}"
EndProject
Project("{FAE04EC0-301F-11D3-BF4B-00C04F79EFBC}") = "ScreenSound.API", "ScreenSound.API\ScreenSound.API.csproj", "{3E62D9F3-E37B-4D42-AB51-15FB05A2031B}"
EndProject
Project("{FAE04EC0-301F-11D3-BF4B-00C04F79EFBC}") = "ScreenSound.Shared.Modelos", "ScreenSound.Shared.Modelos\ScreenSound.Shared.Modelos.csproj", "{8C0B4617-F7E5-4BDB-8E03-4B1905E86A5A}"
EndProject
Global
	GlobalSection(SolutionConfigurationPlatforms) = preSolution
		Debug|Any CPU = Debug|Any CPU
		Release|Any CPU = Release|Any CPU
	EndGlobalSection
	GlobalSection(ProjectConfigurationPlatforms) = postSolution
		{39D1C1E4-9E89-4870-8A3A-76F8CA2909B3}.Debug|Any CPU.ActiveCfg = Debug|Any CPU
		{39D1C1E4-9E89-4870-8A3A-76F8CA2909B3}.Debug|Any CPU.Build.0 = Debug|Any CPU
		{39D1C1E4-9E89-4870-8A3A-76F8CA2909B3}.Release|Any CPU.ActiveCfg = Release|Any CPU
		{39D1C1E4-9E89-4870-8A3A-76F8CA2909B3}.Release|Any CPU.Build.0 = Release|Any CPU
		{3E62D9F3-E37B-4D42-AB51-15FB05A2031B}.Debug|Any CPU.ActiveCfg = Debug|Any CPU
		{3E62D9F3-E37B-4D42-AB51-15FB05A2031B}.Debug|Any CPU.Build.0 = Debug|Any CPU
		{3E62D9F3-E37B-4D42-AB51-15FB05A2031B}.Release|Any CPU.ActiveCfg = Release|Any CPU
		{3E62D9F3-E37B-4D42-AB51-15FB05A2031B}.Release|Any CPU.Build.0 = Release|Any CPU
		{8C0B4617-F7E5-4BDB-8E03-4B1905E86A5A}.Debug|Any CPU.ActiveCfg = Debug|Any CPU
		{8C0B4617-F7E5-4BDB-8E03-4B1905E86A5A}.Debug|Any CPU.Build.0 = Debug|Any CPU
		{8C0B4617-F7E5-4BDB-8E03-4B1905E86A5A}.Release|Any CPU.ActiveCfg = Release|Any CPU
		{8C0B4617-F7E5-4BDB-8E03-4B1905E86A5A}.Release|Any CPU.Build.0 = Release|Any CPU
	EndGlobalSection
	GlobalSection(SolutionProperties) = preSolution
		HideSolutionNode = FALSE
	EndGlobalSection
	GlobalSection(ExtensibilityGlobals) = postSolution
		SolutionGuid = {83A56D38-8666-476E-969C-249E509F5F90}
	EndGlobalSection
EndGlobal
